Microsoft Visual Studio Solution File, Format Version 11.00
# Visual Studio 2010
Project("{8BC9CEB8-8B4A-11D0-8D11-00A0C91BC942}") = "js2c", "js2c.vcxproj", "{817879DF-8355-84D1-F5BD-6D42602E25D2}"
EndProject
Project("{8BC9CEB8-8B4A-11D0-8D11-00A0C91BC942}") = "mksnapshot.x64", "mksnapshot.x64.vcxproj", "{35BFF1A2-6BB0-7E09-CFD1-2A7209D13969}"
	ProjectSection(ProjectDependencies) = postProject
		{9D439DC9-F666-B826-520B-C1F705486B90} = {9D439DC9-F666-B826-520B-C1F705486B90}
		{E113DF5E-905F-2235-AF84-F9EE888DDD80} = {E113DF5E-905F-2235-AF84-F9EE888DDD80}
		{817879DF-8355-84D1-F5BD-6D42602E25D2} = {817879DF-8355-84D1-F5BD-6D42602E25D2}
	EndProjectSection
EndProject
Project("{8BC9CEB8-8B4A-11D0-8D11-00A0C91BC942}") = "postmortem-metadata", "postmortem-metadata.vcxproj", "{2D5C6D36-E376-3F34-9011-68E842B26CAE}"
EndProject
Project("{8BC9CEB8-8B4A-11D0-8D11-00A0C91BC942}") = "v8", "v8.vcxproj", "{73848F9A-5128-CE82-AE99-9EB394FAA496}"
	ProjectSection(ProjectDependencies) = postProject
		{9D439DC9-F666-B826-520B-C1F705486B90} = {9D439DC9-F666-B826-520B-C1F705486B90}
		{D7E18491-93AF-C9D1-0CF8-261904821D5A} = {D7E18491-93AF-C9D1-0CF8-261904821D5A}
	EndProjectSection
EndProject
Project("{8BC9CEB8-8B4A-11D0-8D11-00A0C91BC942}") = "v8_base.x64", "v8_base.x64.vcxproj", "{9D439DC9-F666-B826-520B-C1F705486B90}"
EndProject
Project("{8BC9CEB8-8B4A-11D0-8D11-00A0C91BC942}") = "v8_nosnapshot.x64", "v8_nosnapshot.x64.vcxproj", "{E113DF5E-905F-2235-AF84-F9EE888DDD80}"
	ProjectSection(ProjectDependencies) = postProject
		{817879DF-8355-84D1-F5BD-6D42602E25D2} = {817879DF-8355-84D1-F5BD-6D42602E25D2}
	EndProjectSection
EndProject
Project("{8BC9CEB8-8B4A-11D0-8D11-00A0C91BC942}") = "v8_shell", "v8_shell.vcxproj", "{7A01186F-6B25-EE77-3E93-91F9C3A03A5A}"
	ProjectSection(ProjectDependencies) = postProject
		{73848F9A-5128-CE82-AE99-9EB394FAA496} = {73848F9A-5128-CE82-AE99-9EB394FAA496}
		{9D439DC9-F666-B826-520B-C1F705486B90} = {9D439DC9-F666-B826-520B-C1F705486B90}
		{D7E18491-93AF-C9D1-0CF8-261904821D5A} = {D7E18491-93AF-C9D1-0CF8-261904821D5A}
		{817879DF-8355-84D1-F5BD-6D42602E25D2} = {817879DF-8355-84D1-F5BD-6D42602E25D2}
	EndProjectSection
EndProject
Project("{8BC9CEB8-8B4A-11D0-8D11-00A0C91BC942}") = "v8_snapshot", "v8_snapshot.vcxproj", "{D7E18491-93AF-C9D1-0CF8-261904821D5A}"
	ProjectSection(ProjectDependencies) = postProject
		{35BFF1A2-6BB0-7E09-CFD1-2A7209D13969} = {35BFF1A2-6BB0-7E09-CFD1-2A7209D13969}
		{817879DF-8355-84D1-F5BD-6D42602E25D2} = {817879DF-8355-84D1-F5BD-6D42602E25D2}
	EndProjectSection
EndProject
Global
	GlobalSection(SolutionConfigurationPlatforms) = preSolution
		Debug|x64 = Debug|x64
		Debug|Win32 = Debug|Win32
		Release|x64 = Release|x64
		Release|Win32 = Release|Win32
	EndGlobalSection
	GlobalSection(ProjectConfigurationPlatforms) = postSolution
		{2D5C6D36-E376-3F34-9011-68E842B26CAE}.Debug|x64.ActiveCfg = Debug|x64
		{2D5C6D36-E376-3F34-9011-68E842B26CAE}.Debug|x64.Build.0 = Debug|x64
		{2D5C6D36-E376-3F34-9011-68E842B26CAE}.Debug|Win32.ActiveCfg = Debug|Win32
		{2D5C6D36-E376-3F34-9011-68E842B26CAE}.Debug|Win32.Build.0 = Debug|Win32
		{2D5C6D36-E376-3F34-9011-68E842B26CAE}.Release|x64.ActiveCfg = Release|x64
		{2D5C6D36-E376-3F34-9011-68E842B26CAE}.Release|x64.Build.0 = Release|x64
		{2D5C6D36-E376-3F34-9011-68E842B26CAE}.Release|Win32.ActiveCfg = Release|Win32
		{2D5C6D36-E376-3F34-9011-68E842B26CAE}.Release|Win32.Build.0 = Release|Win32
		{35BFF1A2-6BB0-7E09-CFD1-2A7209D13969}.Debug|x64.ActiveCfg = Debug|x64
		{35BFF1A2-6BB0-7E09-CFD1-2A7209D13969}.Debug|x64.Build.0 = Debug|x64
		{35BFF1A2-6BB0-7E09-CFD1-2A7209D13969}.Debug|Win32.ActiveCfg = Debug|Win32
		{35BFF1A2-6BB0-7E09-CFD1-2A7209D13969}.Debug|Win32.Build.0 = Debug|Win32
		{35BFF1A2-6BB0-7E09-CFD1-2A7209D13969}.Release|x64.ActiveCfg = Release|x64
		{35BFF1A2-6BB0-7E09-CFD1-2A7209D13969}.Release|x64.Build.0 = Release|x64
		{35BFF1A2-6BB0-7E09-CFD1-2A7209D13969}.Release|Win32.ActiveCfg = Release|Win32
		{35BFF1A2-6BB0-7E09-CFD1-2A7209D13969}.Release|Win32.Build.0 = Release|Win32
		{73848F9A-5128-CE82-AE99-9EB394FAA496}.Debug|x64.ActiveCfg = Debug|x64
		{73848F9A-5128-CE82-AE99-9EB394FAA496}.Debug|x64.Build.0 = Debug|x64
		{73848F9A-5128-CE82-AE99-9EB394FAA496}.Debug|Win32.ActiveCfg = Debug|Win32
		{73848F9A-5128-CE82-AE99-9EB394FAA496}.Debug|Win32.Build.0 = Debug|Win32
		{73848F9A-5128-CE82-AE99-9EB394FAA496}.Release|x64.ActiveCfg = Release|x64
		{73848F9A-5128-CE82-AE99-9EB394FAA496}.Release|x64.Build.0 = Release|x64
		{73848F9A-5128-CE82-AE99-9EB394FAA496}.Release|Win32.ActiveCfg = Release|Win32
		{73848F9A-5128-CE82-AE99-9EB394FAA496}.Release|Win32.Build.0 = Release|Win32
		{7A01186F-6B25-EE77-3E93-91F9C3A03A5A}.Debug|x64.ActiveCfg = Debug|x64
		{7A01186F-6B25-EE77-3E93-91F9C3A03A5A}.Debug|x64.Build.0 = Debug|x64
		{7A01186F-6B25-EE77-3E93-91F9C3A03A5A}.Debug|Win32.ActiveCfg = Debug|Win32
		{7A01186F-6B25-EE77-3E93-91F9C3A03A5A}.Debug|Win32.Build.0 = Debug|Win32
		{7A01186F-6B25-EE77-3E93-91F9C3A03A5A}.Release|x64.ActiveCfg = Release|x64
		{7A01186F-6B25-EE77-3E93-91F9C3A03A5A}.Release|x64.Build.0 = Release|x64
		{7A01186F-6B25-EE77-3E93-91F9C3A03A5A}.Release|Win32.ActiveCfg = Release|Win32
		{7A01186F-6B25-EE77-3E93-91F9C3A03A5A}.Release|Win32.Build.0 = Release|Win32
		{817879DF-8355-84D1-F5BD-6D42602E25D2}.Debug|x64.ActiveCfg = Debug|x64
		{817879DF-8355-84D1-F5BD-6D42602E25D2}.Debug|x64.Build.0 = Debug|x64
		{817879DF-8355-84D1-F5BD-6D42602E25D2}.Debug|Win32.ActiveCfg = Debug|Win32
		{817879DF-8355-84D1-F5BD-6D42602E25D2}.Debug|Win32.Build.0 = Debug|Win32
		{817879DF-8355-84D1-F5BD-6D42602E25D2}.Release|x64.ActiveCfg = Release|x64
		{817879DF-8355-84D1-F5BD-6D42602E25D2}.Release|x64.Build.0 = Release|x64
		{817879DF-8355-84D1-F5BD-6D42602E25D2}.Release|Win32.ActiveCfg = Release|Win32
		{817879DF-8355-84D1-F5BD-6D42602E25D2}.Release|Win32.Build.0 = Release|Win32
		{9D439DC9-F666-B826-520B-C1F705486B90}.Debug|x64.ActiveCfg = Debug|x64
		{9D439DC9-F666-B826-520B-C1F705486B90}.Debug|x64.Build.0 = Debug|x64
		{9D439DC9-F666-B826-520B-C1F705486B90}.Debug|Win32.ActiveCfg = Debug|Win32
		{9D439DC9-F666-B826-520B-C1F705486B90}.Debug|Win32.Build.0 = Debug|Win32
		{9D439DC9-F666-B826-520B-C1F705486B90}.Release|x64.ActiveCfg = Release|x64
		{9D439DC9-F666-B826-520B-C1F705486B90}.Release|x64.Build.0 = Release|x64
		{9D439DC9-F666-B826-520B-C1F705486B90}.Release|Win32.ActiveCfg = Release|Win32
		{9D439DC9-F666-B826-520B-C1F705486B90}.Release|Win32.Build.0 = Release|Win32
		{D7E18491-93AF-C9D1-0CF8-261904821D5A}.Debug|x64.ActiveCfg = Debug|x64
		{D7E18491-93AF-C9D1-0CF8-261904821D5A}.Debug|x64.Build.0 = Debug|x64
		{D7E18491-93AF-C9D1-0CF8-261904821D5A}.Debug|Win32.ActiveCfg = Debug|Win32
		{D7E18491-93AF-C9D1-0CF8-261904821D5A}.Debug|Win32.Build.0 = Debug|Win32
		{D7E18491-93AF-C9D1-0CF8-261904821D5A}.Release|x64.ActiveCfg = Release|x64
		{D7E18491-93AF-C9D1-0CF8-261904821D5A}.Release|x64.Build.0 = Release|x64
		{D7E18491-93AF-C9D1-0CF8-261904821D5A}.Release|Win32.ActiveCfg = Release|Win32
		{D7E18491-93AF-C9D1-0CF8-261904821D5A}.Release|Win32.Build.0 = Release|Win32
		{E113DF5E-905F-2235-AF84-F9EE888DDD80}.Debug|x64.ActiveCfg = Debug|x64
		{E113DF5E-905F-2235-AF84-F9EE888DDD80}.Debug|x64.Build.0 = Debug|x64
		{E113DF5E-905F-2235-AF84-F9EE888DDD80}.Debug|Win32.ActiveCfg = Debug|Win32
		{E113DF5E-905F-2235-AF84-F9EE888DDD80}.Debug|Win32.Build.0 = Debug|Win32
		{E113DF5E-905F-2235-AF84-F9EE888DDD80}.Release|x64.ActiveCfg = Release|x64
		{E113DF5E-905F-2235-AF84-F9EE888DDD80}.Release|x64.Build.0 = Release|x64
		{E113DF5E-905F-2235-AF84-F9EE888DDD80}.Release|Win32.ActiveCfg = Release|Win32
		{E113DF5E-905F-2235-AF84-F9EE888DDD80}.Release|Win32.Build.0 = Release|Win32
	EndGlobalSection
	GlobalSection(SolutionProperties) = preSolution
		HideSolutionNode = FALSE
	EndGlobalSection
	GlobalSection(NestedProjects) = preSolution
	EndGlobalSection
EndGlobal
